
Microsoft Visual Studio Solution File, Format Version 12.00
# Visual Studio Version 16
VisualStudioVersion = 16.0.29519.181
MinimumVisualStudioVersion = 10.0.40219.1
Project("{FAE04EC0-301F-11D3-BF4B-00C04F79EFBC}") = "DVDManager", "DVDManager\DVDManager.csproj", "{EB1180A2-9C57-4A74-B441-010AB6E5296D}"
EndProject
Global
	GlobalSection(SolutionConfigurationPlatforms) = preSolution
		Debug|Any CPU = Debug|Any CPU
		Release|Any CPU = Release|Any CPU
	EndGlobalSection
	GlobalSection(ProjectConfigurationPlatforms) = postSolution
		{EB1180A2-9C57-4A74-B441-010AB6E5296D}.Debug|Any CPU.ActiveCfg = Debug|Any CPU
		{EB1180A2-9C57-4A74-B441-010AB6E5296D}.Debug|Any CPU.Build.0 = Debug|Any CPU
		{EB1180A2-9C57-4A74-B441-010AB6E5296D}.Release|Any CPU.ActiveCfg = Release|Any CPU
		{EB1180A2-9C57-4A74-B441-010AB6E5296D}.Release|Any CPU.Build.0 = Release|Any CPU
	EndGlobalSection
	GlobalSection(SolutionProperties) = preSolution
		HideSolutionNode = FALSE
	EndGlobalSection
	GlobalSection(ExtensibilityGlobals) = postSolution
		SolutionGuid = {81B00F46-4B54-4A0D-9DD7-5AF89A22AFC5}
	EndGlobalSection
EndGlobal
